
Microsoft Visual Studio Solution File, Format Version 12.00
# Visual Studio Version 16
VisualStudioVersion = 16.0.29318.209
MinimumVisualStudioVersion = 10.0.40219.1
Project("{9A19103F-16F7-4668-BE54-9A1E7A4F7556}") = "XGEF", "XGEF\XGEF.csproj", "{0D2EE9E1-7BB3-451D-BCFF-0A2B4D7A5022}"
EndProject
Project("{FAE04EC0-301F-11D3-BF4B-00C04F79EFBC}") = "XGEF.Common", "XGEF.Common\XGEF.Common.csproj", "{D71C74E4-E53A-4A98-9146-87110E18C1DF}"
EndProject
Project("{FAE04EC0-301F-11D3-BF4B-00C04F79EFBC}") = "XGEF.Compiler", "XGEF.Compiler\XGEF.Compiler.csproj", "{33E65F33-EF28-4426-B7E0-E28DB6A3BEE7}"
EndProject
Global
	GlobalSection(SolutionConfigurationPlatforms) = preSolution
		Debug|Any CPU = Debug|Any CPU
		Release|Any CPU = Release|Any CPU
	EndGlobalSection
	GlobalSection(ProjectConfigurationPlatforms) = postSolution
		{0D2EE9E1-7BB3-451D-BCFF-0A2B4D7A5022}.Debug|Any CPU.ActiveCfg = Debug|Any CPU
		{0D2EE9E1-7BB3-451D-BCFF-0A2B4D7A5022}.Debug|Any CPU.Build.0 = Debug|Any CPU
		{0D2EE9E1-7BB3-451D-BCFF-0A2B4D7A5022}.Release|Any CPU.ActiveCfg = Release|Any CPU
		{0D2EE9E1-7BB3-451D-BCFF-0A2B4D7A5022}.Release|Any CPU.Build.0 = Release|Any CPU
		{D71C74E4-E53A-4A98-9146-87110E18C1DF}.Debug|Any CPU.ActiveCfg = Debug|Any CPU
		{D71C74E4-E53A-4A98-9146-87110E18C1DF}.Debug|Any CPU.Build.0 = Debug|Any CPU
		{D71C74E4-E53A-4A98-9146-87110E18C1DF}.Release|Any CPU.ActiveCfg = Release|Any CPU
		{D71C74E4-E53A-4A98-9146-87110E18C1DF}.Release|Any CPU.Build.0 = Release|Any CPU
		{33E65F33-EF28-4426-B7E0-E28DB6A3BEE7}.Debug|Any CPU.ActiveCfg = Debug|Any CPU
		{33E65F33-EF28-4426-B7E0-E28DB6A3BEE7}.Debug|Any CPU.Build.0 = Debug|Any CPU
		{33E65F33-EF28-4426-B7E0-E28DB6A3BEE7}.Release|Any CPU.ActiveCfg = Release|Any CPU
		{33E65F33-EF28-4426-B7E0-E28DB6A3BEE7}.Release|Any CPU.Build.0 = Release|Any CPU
	EndGlobalSection
	GlobalSection(SolutionProperties) = preSolution
		HideSolutionNode = FALSE
	EndGlobalSection
	GlobalSection(ExtensibilityGlobals) = postSolution
		SolutionGuid = {87E934E2-5510-4C2B-8781-725269DDC215}
	EndGlobalSection
EndGlobal
